
Microsoft Visual Studio Solution File, Format Version 12.00
# Visual Studio Version 16
VisualStudioVersion = 16.0.28803.352
MinimumVisualStudioVersion = 10.0.40219.1
Project("{FAE04EC0-301F-11D3-BF4B-00C04F79EFBC}") = "Wgrywanie Oprogramowania JH", "Wgrywanie Oprogramowania JH.csproj", "{BBB1ADBB-BA4C-4B70-AE3F-5414BFA4CB47}"
EndProject
Project("{2150E333-8FDC-42A3-9474-1A3956D46DE8}") = "Solution Items", "Solution Items", "{04894BFA-AE59-408D-99A9-0BC23007924B}"
	ProjectSection(SolutionItems) = preProject
		.editorconfig = .editorconfig
	EndProjectSection
EndProject
Global
	GlobalSection(SolutionConfigurationPlatforms) = preSolution
		Debug|Any CPU = Debug|Any CPU
		Release|Any CPU = Release|Any CPU
	EndGlobalSection
	GlobalSection(ProjectConfigurationPlatforms) = postSolution
		{BBB1ADBB-BA4C-4B70-AE3F-5414BFA4CB47}.Debug|Any CPU.ActiveCfg = Debug|Any CPU
		{BBB1ADBB-BA4C-4B70-AE3F-5414BFA4CB47}.Debug|Any CPU.Build.0 = Debug|Any CPU
		{BBB1ADBB-BA4C-4B70-AE3F-5414BFA4CB47}.Release|Any CPU.ActiveCfg = Release|Any CPU
		{BBB1ADBB-BA4C-4B70-AE3F-5414BFA4CB47}.Release|Any CPU.Build.0 = Release|Any CPU
	EndGlobalSection
	GlobalSection(SolutionProperties) = preSolution
		HideSolutionNode = FALSE
	EndGlobalSection
	GlobalSection(ExtensibilityGlobals) = postSolution
		SolutionGuid = {FD857A75-51EA-46A3-AB1C-500F2D760A51}
	EndGlobalSection
EndGlobal
